
Microsoft Visual Studio Solution File, Format Version 12.00
# Visual Studio 14
VisualStudioVersion = 14.0.25420.1
MinimumVisualStudioVersion = 10.0.40219.1
Project("{2150E333-8FDC-42A3-9474-1A3956D46DE8}") = "src", "src", "{70A5A143-DDA4-424B-AE95-DF425AF3321B}"
EndProject
Project("{2150E333-8FDC-42A3-9474-1A3956D46DE8}") = "Solution Items", "Solution Items", "{58D97F22-D5E2-47E3-BF64-F02BAD189049}"
	ProjectSection(SolutionItems) = preProject
		global.json = global.json
	EndProjectSection
EndProject
Project("{8BB2217D-0F2D-49D1-97BC-3654ED321F3B}") = "ASP_netCores", "src\ASP_netCores\ASP_netCores.xproj", "{104E73AF-4012-4CCF-B5F6-D0A1FD2679FB}"
EndProject
Global
	GlobalSection(SolutionConfigurationPlatforms) = preSolution
		Debug|Any CPU = Debug|Any CPU
		Release|Any CPU = Release|Any CPU
	EndGlobalSection
	GlobalSection(ProjectConfigurationPlatforms) = postSolution
		{104E73AF-4012-4CCF-B5F6-D0A1FD2679FB}.Debug|Any CPU.ActiveCfg = Debug|Any CPU
		{104E73AF-4012-4CCF-B5F6-D0A1FD2679FB}.Debug|Any CPU.Build.0 = Debug|Any CPU
		{104E73AF-4012-4CCF-B5F6-D0A1FD2679FB}.Release|Any CPU.ActiveCfg = Release|Any CPU
		{104E73AF-4012-4CCF-B5F6-D0A1FD2679FB}.Release|Any CPU.Build.0 = Release|Any CPU
	EndGlobalSection
	GlobalSection(SolutionProperties) = preSolution
		HideSolutionNode = FALSE
	EndGlobalSection
	GlobalSection(NestedProjects) = preSolution
		{104E73AF-4012-4CCF-B5F6-D0A1FD2679FB} = {70A5A143-DDA4-424B-AE95-DF425AF3321B}
	EndGlobalSection
EndGlobal
